
Microsoft Visual Studio Solution File, Format Version 12.00
# Visual Studio Version 17
VisualStudioVersion = 17.2.32602.215
MinimumVisualStudioVersion = 10.0.40219.1
Project("{FAE04EC0-301F-11D3-BF4B-00C04F79EFBC}") = "Tabuada_2", "Tabuada_2\Tabuada_2.csproj", "{A5631676-86E3-4784-9633-7277F4977940}"
EndProject
Global
	GlobalSection(SolutionConfigurationPlatforms) = preSolution
		Debug|Any CPU = Debug|Any CPU
		Release|Any CPU = Release|Any CPU
	EndGlobalSection
	GlobalSection(ProjectConfigurationPlatforms) = postSolution
		{A5631676-86E3-4784-9633-7277F4977940}.Debug|Any CPU.ActiveCfg = Debug|Any CPU
		{A5631676-86E3-4784-9633-7277F4977940}.Debug|Any CPU.Build.0 = Debug|Any CPU
		{A5631676-86E3-4784-9633-7277F4977940}.Release|Any CPU.ActiveCfg = Release|Any CPU
		{A5631676-86E3-4784-9633-7277F4977940}.Release|Any CPU.Build.0 = Release|Any CPU
	EndGlobalSection
	GlobalSection(SolutionProperties) = preSolution
		HideSolutionNode = FALSE
	EndGlobalSection
	GlobalSection(ExtensibilityGlobals) = postSolution
		SolutionGuid = {DF40AF41-13F5-4F0F-B65D-8C35CF1EF3D0}
	EndGlobalSection
EndGlobal
